
Microsoft Visual Studio Solution File, Format Version 12.00
# Visual Studio 14
VisualStudioVersion = 14.0.25420.1
MinimumVisualStudioVersion = 10.0.40219.1
Project("{FAE04EC0-301F-11D3-BF4B-00C04F79EFBC}") = "AS - Ajuda Serralheiro", "AS - Ajuda Serralheiro\AS - Ajuda Serralheiro.csproj", "{68D22EB5-AD47-46D3-AF82-CCCA9672F9BB}"
EndProject
Global
	GlobalSection(SolutionConfigurationPlatforms) = preSolution
		Debug|Any CPU = Debug|Any CPU
		Release|Any CPU = Release|Any CPU
	EndGlobalSection
	GlobalSection(ProjectConfigurationPlatforms) = postSolution
		{68D22EB5-AD47-46D3-AF82-CCCA9672F9BB}.Debug|Any CPU.ActiveCfg = Debug|Any CPU
		{68D22EB5-AD47-46D3-AF82-CCCA9672F9BB}.Debug|Any CPU.Build.0 = Debug|Any CPU
		{68D22EB5-AD47-46D3-AF82-CCCA9672F9BB}.Release|Any CPU.ActiveCfg = Release|Any CPU
		{68D22EB5-AD47-46D3-AF82-CCCA9672F9BB}.Release|Any CPU.Build.0 = Release|Any CPU
	EndGlobalSection
	GlobalSection(SolutionProperties) = preSolution
		HideSolutionNode = FALSE
	EndGlobalSection
EndGlobal
